// !$*UTF8*$!
{
	archiveVersion = 1;
	classes = {
	};
	objectVersion = 55;
	objects = {

/* Begin PBXBuildFile section */
		196736B8274C306300ACD2ED /* KeychainService.swift in Sources */ = {isa = PBXBuildFile; fileRef = 196736B7274C306300ACD2ED /* KeychainService.swift */; };
		196736BC274C31A000ACD2ED /* NetworkExtension.framework in Frameworks */ = {isa = PBXBuildFile; fileRef = 196736BB274C31A000ACD2ED /* NetworkExtension.framework */; };
		19978B7D27468BA200FB908E /* AppDelegate.swift in Sources */ = {isa = PBXBuildFile; fileRef = 19978B7C27468BA200FB908E /* AppDelegate.swift */; };
		19978B8127468BA200FB908E /* MainViewController.swift in Sources */ = {isa = PBXBuildFile; fileRef = 19978B8027468BA200FB908E /* MainViewController.swift */; };
		19978B8627468BA300FB908E /* Assets.xcassets in Resources */ = {isa = PBXBuildFile; fileRef = 19978B8527468BA300FB908E /* Assets.xcassets */; };
		19978B8927468BA300FB908E /* LaunchScreen.storyboard in Resources */ = {isa = PBXBuildFile; fileRef = 19978B8727468BA300FB908E /* LaunchScreen.storyboard */; };
		19978B9127468D1B00FB908E /* Extensions.swift in Sources */ = {isa = PBXBuildFile; fileRef = 19978B9027468D1B00FB908E /* Extensions.swift */; };
		19978B932746904500FB908E /* VPNInfo.swift in Sources */ = {isa = PBXBuildFile; fileRef = 19978B922746904500FB908E /* VPNInfo.swift */; };
		19978B952746910100FB908E /* VPNStatus.swift in Sources */ = {isa = PBXBuildFile; fileRef = 19978B942746910100FB908E /* VPNStatus.swift */; };
		19978B972746A0F000FB908E /* VPNHandler.swift in Sources */ = {isa = PBXBuildFile; fileRef = 19978B962746A0F000FB908E /* VPNHandler.swift */; };
/* End PBXBuildFile section */

/* Begin PBXFileReference section */
		196736B7274C306300ACD2ED /* KeychainService.swift */ = {isa = PBXFileReference; lastKnownFileType = sourcecode.swift; path = KeychainService.swift; sourceTree = "<group>"; };
		196736B9274C31A000ACD2ED /* SimpleVPN.entitlements */ = {isa = PBXFileReference; lastKnownFileType = text.plist.entitlements; path = SimpleVPN.entitlements; sourceTree = "<group>"; };
		196736BB274C31A000ACD2ED /* NetworkExtension.framework */ = {isa = PBXFileReference; lastKnownFileType = wrapper.framework; name = NetworkExtension.framework; path = System/Library/Frameworks/NetworkExtension.framework; sourceTree = SDKROOT; };
		19978B7927468BA200FB908E /* SimpleVPN.app */ = {isa = PBXFileReference; explicitFileType = wrapper.application; includeInIndex = 0; path = SimpleVPN.app; sourceTree = BUILT_PRODUCTS_DIR; };
		19978B7C27468BA200FB908E /* AppDelegate.swift */ = {isa = PBXFileReference; lastKnownFileType = sourcecode.swift; path = AppDelegate.swift; sourceTree = "<group>"; };
		19978B8027468BA200FB908E /* MainViewController.swift */ = {isa = PBXFileReference; lastKnownFileType = sourcecode.swift; path = MainViewController.swift; sourceTree = "<group>"; };
		19978B8527468BA300FB908E /* Assets.xcassets */ = {isa = PBXFileReference; lastKnownFileType = folder.assetcatalog; path = Assets.xcassets; sourceTree = "<group>"; };
		19978B8827468BA300FB908E /* Base */ = {isa = PBXFileReference; lastKnownFileType = file.storyboard; name = Base; path = Base.lproj/LaunchScreen.storyboard; sourceTree = "<group>"; };
		19978B8A27468BA300FB908E /* Info.plist */ = {isa = PBXFileReference; lastKnownFileType = text.plist.xml; path = Info.plist; sourceTree = "<group>"; };
		19978B9027468D1B00FB908E /* Extensions.swift */ = {isa = PBXFileReference; lastKnownFileType = sourcecode.swift; path = Extensions.swift; sourceTree = "<group>"; };
		19978B922746904500FB908E /* VPNInfo.swift */ = {isa = PBXFileReference; lastKnownFileType = sourcecode.swift; path = VPNInfo.swift; sourceTree = "<group>"; };
		19978B942746910100FB908E /* VPNStatus.swift */ = {isa = PBXFileReference; lastKnownFileType = sourcecode.swift; path = VPNStatus.swift; sourceTree = "<group>"; };
		19978B962746A0F000FB908E /* VPNHandler.swift */ = {isa = PBXFileReference; lastKnownFileType = sourcecode.swift; path = VPNHandler.swift; sourceTree = "<group>"; };
/* End PBXFileReference section */

/* Begin PBXFrameworksBuildPhase section */
		19978B7627468BA200FB908E /* Frameworks */ = {
			isa = PBXFrameworksBuildPhase;
			buildActionMask = 2147483647;
			files = (
				196736BC274C31A000ACD2ED /* NetworkExtension.framework in Frameworks */,
			);
			runOnlyForDeploymentPostprocessing = 0;
		};
/* End PBXFrameworksBuildPhase section */

/* Begin PBXGroup section */
		196736BA274C31A000ACD2ED /* Frameworks */ = {
			isa = PBXGroup;
			children = (
				196736BB274C31A000ACD2ED /* NetworkExtension.framework */,
			);
			name = Frameworks;
			sourceTree = "<group>";
		};
		19978B7027468BA200FB908E = {
			isa = PBXGroup;
			children = (
				19978B7B27468BA200FB908E /* SimpleVPN */,
				19978B7A27468BA200FB908E /* Products */,
				196736BA274C31A000ACD2ED /* Frameworks */,
			);
			sourceTree = "<group>";
		};
		19978B7A27468BA200FB908E /* Products */ = {
			isa = PBXGroup;
			children = (
				19978B7927468BA200FB908E /* SimpleVPN.app */,
			);
			name = Products;
			sourceTree = "<group>";
		};
		19978B7B27468BA200FB908E /* SimpleVPN */ = {
			isa = PBXGroup;
			children = (
				196736B9274C31A000ACD2ED /* SimpleVPN.entitlements */,
				19978B9A2746A11200FB908E /* Extensions */,
				19978B992746A10400FB908E /* Modules */,
				19978B8527468BA300FB908E /* Assets.xcassets */,
				19978B8727468BA300FB908E /* LaunchScreen.storyboard */,
				19978B8A27468BA300FB908E /* Info.plist */,
			);
			path = SimpleVPN;
			sourceTree = "<group>";
		};
		19978B982746A0F600FB908E /* VPN */ = {
			isa = PBXGroup;
			children = (
				19978B922746904500FB908E /* VPNInfo.swift */,
				19978B962746A0F000FB908E /* VPNHandler.swift */,
				19978B942746910100FB908E /* VPNStatus.swift */,
				196736B7274C306300ACD2ED /* KeychainService.swift */,
			);
			path = VPN;
			sourceTree = "<group>";
		};
		19978B992746A10400FB908E /* Modules */ = {
			isa = PBXGroup;
			children = (
				19978B7C27468BA200FB908E /* AppDelegate.swift */,
				19978B982746A0F600FB908E /* VPN */,
				19978B9B2746A11C00FB908E /* MainScreenModule */,
			);
			path = Modules;
			sourceTree = "<group>";
		};
		19978B9A2746A11200FB908E /* Extensions */ = {
			isa = PBXGroup;
			children = (
				19978B9027468D1B00FB908E /* Extensions.swift */,
			);
			path = Extensions;
			sourceTree = "<group>";
		};
		19978B9B2746A11C00FB908E /* MainScreenModule */ = {
			isa = PBXGroup;
			children = (
				19978B8027468BA200FB908E /* MainViewController.swift */,
			);
			path = MainScreenModule;
			sourceTree = "<group>";
		};
/* End PBXGroup section */

/* Begin PBXNativeTarget section */
		19978B7827468BA200FB908E /* SimpleVPN */ = {
			isa = PBXNativeTarget;
			buildConfigurationList = 19978B8D27468BA300FB908E /* Build configuration list for PBXNativeTarget "SimpleVPN" */;
			buildPhases = (
				19978B7527468BA200FB908E /* Sources */,
				19978B7627468BA200FB908E /* Frameworks */,
				19978B7727468BA200FB908E /* Resources */,
			);
			buildRules = (
			);
			dependencies = (
			);
			name = SimpleVPN;
			productName = SimpleVPN;
			productReference = 19978B7927468BA200FB908E /* SimpleVPN.app */;
			productType = "com.apple.product-type.application";
		};
/* End PBXNativeTarget section */

/* Begin PBXProject section */
		19978B7127468BA200FB908E /* Project object */ = {
			isa = PBXProject;
			attributes = {
				BuildIndependentTargetsInParallel = 1;
				LastSwiftUpdateCheck = 1310;
				LastUpgradeCheck = 1310;
				TargetAttributes = {
					19978B7827468BA200FB908E = {
						CreatedOnToolsVersion = 13.1;
					};
				};
			};
			buildConfigurationList = 19978B7427468BA200FB908E /* Build configuration list for PBXProject "SimpleVPN" */;
			compatibilityVersion = "Xcode 13.0";
			developmentRegion = en;
			hasScannedForEncodings = 0;
			knownRegions = (
				en,
				Base,
			);
			mainGroup = 19978B7027468BA200FB908E;
			productRefGroup = 19978B7A27468BA200FB908E /* Products */;
			projectDirPath = "";
			projectRoot = "";
			targets = (
				19978B7827468BA200FB908E /* SimpleVPN */,
			);
		};
/* End PBXProject section */

/* Begin PBXResourcesBuildPhase section */
		19978B7727468BA200FB908E /* Resources */ = {
			isa = PBXResourcesBuildPhase;
			buildActionMask = 2147483647;
			files = (
				19978B8927468BA300FB908E /* LaunchScreen.storyboard in Resources */,
				19978B8627468BA300FB908E /* Assets.xcassets in Resources */,
			);
			runOnlyForDeploymentPostprocessing = 0;
		};
/* End PBXResourcesBuildPhase section */

/* Begin PBXSourcesBuildPhase section */
		19978B7527468BA200FB908E /* Sources */ = {
			isa = PBXSourcesBuildPhase;
			buildActionMask = 2147483647;
			files = (
				19978B952746910100FB908E /* VPNStatus.swift in Sources */,
				19978B8127468BA200FB908E /* MainViewController.swift in Sources */,
				19978B9127468D1B00FB908E /* Extensions.swift in Sources */,
				19978B972746A0F000FB908E /* VPNHandler.swift in Sources */,
				196736B8274C306300ACD2ED /* KeychainService.swift in Sources */,
				19978B932746904500FB908E /* VPNInfo.swift in Sources */,
				19978B7D27468BA200FB908E /* AppDelegate.swift in Sources */,
			);
			runOnlyForDeploymentPostprocessing = 0;
		};
/* End PBXSourcesBuildPhase section */

/* Begin PBXVariantGroup section */
		19978B8727468BA300FB908E /* LaunchScreen.storyboard */ = {
			isa = PBXVariantGroup;
			children = (
				19978B8827468BA300FB908E /* Base */,
			);
			name = LaunchScreen.storyboard;
			sourceTree = "<group>";
		};
/* End PBXVariantGroup section */

/* Begin XCBuildConfiguration section */
		19978B8B27468BA300FB908E /* Debug */ = {
			isa = XCBuildConfiguration;
			buildSettings = {
				ALWAYS_SEARCH_USER_PATHS = NO;
				CLANG_ANALYZER_NONNULL = YES;
				CLANG_ANALYZER_NUMBER_OBJECT_CONVERSION = YES_AGGRESSIVE;
				CLANG_CXX_LANGUAGE_STANDARD = "gnu++17";
				CLANG_CXX_LIBRARY = "libc++";
				CLANG_ENABLE_MODULES = YES;
				CLANG_ENABLE_OBJC_ARC = YES;
				CLANG_ENABLE_OBJC_WEAK = YES;
				CLANG_WARN_BLOCK_CAPTURE_AUTORELEASING = YES;
				CLANG_WARN_BOOL_CONVERSION = YES;
				CLANG_WARN_COMMA = YES;
				CLANG_WARN_CONSTANT_CONVERSION = YES;
				CLANG_WARN_DEPRECATED_OBJC_IMPLEMENTATIONS = YES;
				CLANG_WARN_DIRECT_OBJC_ISA_USAGE = YES_ERROR;
				CLANG_WARN_DOCUMENTATION_COMMENTS = YES;
				CLANG_WARN_EMPTY_BODY = YES;
				CLANG_WARN_ENUM_CONVERSION = YES;
				CLANG_WARN_INFINITE_RECURSION = YES;
				CLANG_WARN_INT_CONVERSION = YES;
				CLANG_WARN_NON_LITERAL_NULL_CONVERSION = YES;
				CLANG_WARN_OBJC_IMPLICIT_RETAIN_SELF = YES;
				CLANG_WARN_OBJC_LITERAL_CONVERSION = YES;
				CLANG_WARN_OBJC_ROOT_CLASS = YES_ERROR;
				CLANG_WARN_QUOTED_INCLUDE_IN_FRAMEWORK_HEADER = YES;
				CLANG_WARN_RANGE_LOOP_ANALYSIS = YES;
				CLANG_WARN_STRICT_PROTOTYPES = YES;
				CLANG_WARN_SUSPICIOUS_MOVE = YES;
				CLANG_WARN_UNGUARDED_AVAILABILITY = YES_AGGRESSIVE;
				CLANG_WARN_UNREACHABLE_CODE = YES;
				CLANG_WARN__DUPLICATE_METHOD_MATCH = YES;
				COPY_PHASE_STRIP = NO;
				DEBUG_INFORMATION_FORMAT = dwarf;
				ENABLE_STRICT_OBJC_MSGSEND = YES;
				ENABLE_TESTABILITY = YES;
				GCC_C_LANGUAGE_STANDARD = gnu11;
				GCC_DYNAMIC_NO_PIC = NO;
				GCC_NO_COMMON_BLOCKS = YES;
				GCC_OPTIMIZATION_LEVEL = 0;
				GCC_PREPROCESSOR_DEFINITIONS = (
					"DEBUG=1",
					"$(inherited)",
				);
				GCC_WARN_64_TO_32_BIT_CONVERSION = YES;
				GCC_WARN_ABOUT_RETURN_TYPE = YES_ERROR;
				GCC_WARN_UNDECLARED_SELECTOR = YES;
				GCC_WARN_UNINITIALIZED_AUTOS = YES_AGGRESSIVE;
				GCC_WARN_UNUSED_FUNCTION = YES;
				GCC_WARN_UNUSED_VARIABLE = YES;
				IPHONEOS_DEPLOYMENT_TARGET = 15.0;
				MTL_ENABLE_DEBUG_INFO = INCLUDE_SOURCE;
				MTL_FAST_MATH = YES;
				ONLY_ACTIVE_ARCH = YES;
				SDKROOT = iphoneos;
				SWIFT_ACTIVE_COMPILATION_CONDITIONS = DEBUG;
				SWIFT_OPTIMIZATION_LEVEL = "-Onone";
			};
			name = Debug;
		};
		19978B8C27468BA300FB908E /* Release */ = {
			isa = XCBuildConfiguration;
			buildSettings = {
				ALWAYS_SEARCH_USER_PATHS = NO;
				CLANG_ANALYZER_NONNULL = YES;
				CLANG_ANALYZER_NUMBER_OBJECT_CONVERSION = YES_AGGRESSIVE;
				CLANG_CXX_LANGUAGE_STANDARD = "gnu++17";
				CLANG_CXX_LIBRARY = "libc++";
				CLANG_ENABLE_MODULES = YES;
				CLANG_ENABLE_OBJC_ARC = YES;
				CLANG_ENABLE_OBJC_WEAK = YES;
				CLANG_WARN_BLOCK_CAPTURE_AUTORELEASING = YES;
				CLANG_WARN_BOOL_CONVERSION = YES;
				CLANG_WARN_COMMA = YES;
				CLANG_WARN_CONSTANT_CONVERSION = YES;
				CLANG_WARN_DEPRECATED_OBJC_IMPLEMENTATIONS = YES;
				CLANG_WARN_DIRECT_OBJC_ISA_USAGE = YES_ERROR;
				CLANG_WARN_DOCUMENTATION_COMMENTS = YES;
				CLANG_WARN_EMPTY_BODY = YES;
				CLANG_WARN_ENUM_CONVERSION = YES;
				CLANG_WARN_INFINITE_RECURSION = YES;
				CLANG_WARN_INT_CONVERSION = YES;
				CLANG_WARN_NON_LITERAL_NULL_CONVERSION = YES;
				CLANG_WARN_OBJC_IMPLICIT_RETAIN_SELF = YES;
				CLANG_WARN_OBJC_LITERAL_CONVERSION = YES;
				CLANG_WARN_OBJC_ROOT_CLASS = YES_ERROR;
				CLANG_WARN_QUOTED_INCLUDE_IN_FRAMEWORK_HEADER = YES;
				CLANG_WARN_RANGE_LOOP_ANALYSIS = YES;
				CLANG_WARN_STRICT_PROTOTYPES = YES;
				CLANG_WARN_SUSPICIOUS_MOVE = YES;
				CLANG_WARN_UNGUARDED_AVAILABILITY = YES_AGGRESSIVE;
				CLANG_WARN_UNREACHABLE_CODE = YES;
				CLANG_WARN__DUPLICATE_METHOD_MATCH = YES;
				COPY_PHASE_STRIP = NO;
				DEBUG_INFORMATION_FORMAT = "dwarf-with-dsym";
				ENABLE_NS_ASSERTIONS = NO;
				ENABLE_STRICT_OBJC_MSGSEND = YES;
				GCC_C_LANGUAGE_STANDARD = gnu11;
				GCC_NO_COMMON_BLOCKS = YES;
				GCC_WARN_64_TO_32_BIT_CONVERSION = YES;
				GCC_WARN_ABOUT_RETURN_TYPE = YES_ERROR;
				GCC_WARN_UNDECLARED_SELECTOR = YES;
				GCC_WARN_UNINITIALIZED_AUTOS = YES_AGGRESSIVE;
				GCC_WARN_UNUSED_FUNCTION = YES;
				GCC_WARN_UNUSED_VARIABLE = YES;
				IPHONEOS_DEPLOYMENT_TARGET = 15.0;
				MTL_ENABLE_DEBUG_INFO = NO;
				MTL_FAST_MATH = YES;
				SDKROOT = iphoneos;
				SWIFT_COMPILATION_MODE = wholemodule;
				SWIFT_OPTIMIZATION_LEVEL = "-O";
				VALIDATE_PRODUCT = YES;
			};
			name = Release;
		};
		19978B8E27468BA300FB908E /* Debug */ = {
			isa = XCBuildConfiguration;
			buildSettings = {
				ASSETCATALOG_COMPILER_APPICON_NAME = AppIcon;
				ASSETCATALOG_COMPILER_GLOBAL_ACCENT_COLOR_NAME = AccentColor;
				CODE_SIGN_ENTITLEMENTS = SimpleVPN/SimpleVPN.entitlements;
				CODE_SIGN_STYLE = Automatic;
				CURRENT_PROJECT_VERSION = 1;
				DEVELOPMENT_TEAM = UHQ7TS5P9H;
				GENERATE_INFOPLIST_FILE = YES;
				INFOPLIST_FILE = SimpleVPN/Info.plist;
				INFOPLIST_KEY_UIApplicationSupportsIndirectInputEvents = YES;
				INFOPLIST_KEY_UILaunchStoryboardName = LaunchScreen;
				INFOPLIST_KEY_UISupportedInterfaceOrientations_iPad = "UIInterfaceOrientationPortrait UIInterfaceOrientationPortraitUpsideDown UIInterfaceOrientationLandscapeLeft UIInterfaceOrientationLandscapeRight";
				INFOPLIST_KEY_UISupportedInterfaceOrientations_iPhone = "UIInterfaceOrientationPortrait UIInterfaceOrientationLandscapeLeft UIInterfaceOrientationLandscapeRight";
				IPHONEOS_DEPLOYMENT_TARGET = 13.0;
				LD_RUNPATH_SEARCH_PATHS = (
					"$(inherited)",
					"@executable_path/Frameworks",
				);
				MARKETING_VERSION = 1.0;
				PRODUCT_BUNDLE_IDENTIFIER = "-ru.simplenetwork-.SimpleVPN";
				PRODUCT_NAME = "$(TARGET_NAME)";
				SWIFT_EMIT_LOC_STRINGS = YES;
				SWIFT_VERSION = 5.0;
				TARGETED_DEVICE_FAMILY = "1,2";
			};
			name = Debug;
		};
		19978B8F27468BA300FB908E /* Release */ = {
			isa = XCBuildConfiguration;
			buildSettings = {
				ASSETCATALOG_COMPILER_APPICON_NAME = AppIcon;
				ASSETCATALOG_COMPILER_GLOBAL_ACCENT_COLOR_NAME = AccentColor;
				CODE_SIGN_ENTITLEMENTS = SimpleVPN/SimpleVPN.entitlements;
				CODE_SIGN_STYLE = Automatic;
				CURRENT_PROJECT_VERSION = 1;
				DEVELOPMENT_TEAM = UHQ7TS5P9H;
				GENERATE_INFOPLIST_FILE = YES;
				INFOPLIST_FILE = SimpleVPN/Info.plist;
				INFOPLIST_KEY_UIApplicationSupportsIndirectInputEvents = YES;
				INFOPLIST_KEY_UILaunchStoryboardName = LaunchScreen;
				INFOPLIST_KEY_UISupportedInterfaceOrientations_iPad = "UIInterfaceOrientationPortrait UIInterfaceOrientationPortraitUpsideDown UIInterfaceOrientationLandscapeLeft UIInterfaceOrientationLandscapeRight";
				INFOPLIST_KEY_UISupportedInterfaceOrientations_iPhone = "UIInterfaceOrientationPortrait UIInterfaceOrientationLandscapeLeft UIInterfaceOrientationLandscapeRight";
				IPHONEOS_DEPLOYMENT_TARGET = 13.0;
				LD_RUNPATH_SEARCH_PATHS = (
					"$(inherited)",
					"@executable_path/Frameworks",
				);
				MARKETING_VERSION = 1.0;
				PRODUCT_BUNDLE_IDENTIFIER = "-ru.simplenetwork-.SimpleVPN";
				PRODUCT_NAME = "$(TARGET_NAME)";
				SWIFT_EMIT_LOC_STRINGS = YES;
				SWIFT_VERSION = 5.0;
				TARGETED_DEVICE_FAMILY = "1,2";
			};
			name = Release;
		};
/* End XCBuildConfiguration section */

/* Begin XCConfigurationList section */
		19978B7427468BA200FB908E /* Build configuration list for PBXProject "SimpleVPN" */ = {
			isa = XCConfigurationList;
			buildConfigurations = (
				19978B8B27468BA300FB908E /* Debug */,
				19978B8C27468BA300FB908E /* Release */,
			);
			defaultConfigurationIsVisible = 0;
			defaultConfigurationName = Release;
		};
		19978B8D27468BA300FB908E /* Build configuration list for PBXNativeTarget "SimpleVPN" */ = {
			isa = XCConfigurationList;
			buildConfigurations = (
				19978B8E27468BA300FB908E /* Debug */,
				19978B8F27468BA300FB908E /* Release */,
			);
			defaultConfigurationIsVisible = 0;
			defaultConfigurationName = Release;
		};
/* End XCConfigurationList section */
	};
	rootObject = 19978B7127468BA200FB908E /* Project object */;
}
